
Microsoft Visual Studio Solution File, Format Version 11.00
# Visual Studio 2010
Project("{FAE04EC0-301F-11D3-BF4B-00C04F79EFBC}") = "YzyEditor", "YzyEditor.csproj", "{9a8ee943-7be8-2aed-103f-e92d3f6f6d34}"
EndProject
Project("{FAE04EC0-301F-11D3-BF4B-00C04F79EFBC}") = "AutoPolygon", "AutoPolygon.csproj", "{51efb13c-ce30-ed39-22c9-ae9dc50fa3e3}"
EndProject
Project("{FAE04EC0-301F-11D3-BF4B-00C04F79EFBC}") = "Assembly-CSharp", "Assembly-CSharp.csproj", "{9a99f316-2d36-510f-a7ca-fec925a7ac82}"
EndProject
Project("{FAE04EC0-301F-11D3-BF4B-00C04F79EFBC}") = "Assembly-CSharp-Editor", "Assembly-CSharp-Editor.csproj", "{fd3e68e2-507e-35ee-4ca8-24d2bf4caa99}"
EndProject
Global
	GlobalSection(SolutionConfigurationPlatforms) = preSolution
		Debug|Any CPU = Debug|Any CPU
	EndGlobalSection
	GlobalSection(ProjectConfigurationPlatforms) = postSolution
		{9a8ee943-7be8-2aed-103f-e92d3f6f6d34}.Debug|Any CPU.ActiveCfg = Debug|Any CPU
		{9a8ee943-7be8-2aed-103f-e92d3f6f6d34}.Debug|Any CPU.Build.0 = Debug|Any CPU
		{51efb13c-ce30-ed39-22c9-ae9dc50fa3e3}.Debug|Any CPU.ActiveCfg = Debug|Any CPU
		{51efb13c-ce30-ed39-22c9-ae9dc50fa3e3}.Debug|Any CPU.Build.0 = Debug|Any CPU
		{9a99f316-2d36-510f-a7ca-fec925a7ac82}.Debug|Any CPU.ActiveCfg = Debug|Any CPU
		{9a99f316-2d36-510f-a7ca-fec925a7ac82}.Debug|Any CPU.Build.0 = Debug|Any CPU
		{fd3e68e2-507e-35ee-4ca8-24d2bf4caa99}.Debug|Any CPU.ActiveCfg = Debug|Any CPU
		{fd3e68e2-507e-35ee-4ca8-24d2bf4caa99}.Debug|Any CPU.Build.0 = Debug|Any CPU
	EndGlobalSection
	GlobalSection(SolutionProperties) = preSolution
		HideSolutionNode = FALSE
	EndGlobalSection
EndGlobal
